
Microsoft Visual Studio Solution File, Format Version 11.00
# Visual C++ Express 2010
Project("{8BC9CEB8-8B4A-11D0-8D11-00A0C91BC942}") = "VRPN-Listener", "VRPN-Listener.vcxproj", "{9DB45FE4-1292-49F4-A49D-7417D8E5DFF0}"
EndProject
Global
	GlobalSection(SolutionConfigurationPlatforms) = preSolution
		Debug|Win32 = Debug|Win32
		Release|Win32 = Release|Win32
	EndGlobalSection
	GlobalSection(ProjectConfigurationPlatforms) = postSolution
		{9DB45FE4-1292-49F4-A49D-7417D8E5DFF0}.Debug|Win32.ActiveCfg = Debug|Win32
		{9DB45FE4-1292-49F4-A49D-7417D8E5DFF0}.Debug|Win32.Build.0 = Debug|Win32
		{9DB45FE4-1292-49F4-A49D-7417D8E5DFF0}.Release|Win32.ActiveCfg = Release|Win32
		{9DB45FE4-1292-49F4-A49D-7417D8E5DFF0}.Release|Win32.Build.0 = Release|Win32
	EndGlobalSection
	GlobalSection(SolutionProperties) = preSolution
		HideSolutionNode = FALSE
	EndGlobalSection
EndGlobal
